
Microsoft Visual Studio Solution File, Format Version 12.00
# Visual Studio 15
VisualStudioVersion = 15.0.27703.2026
MinimumVisualStudioVersion = 10.0.40219.1
Project("{FAE04EC0-301F-11D3-BF4B-00C04F79EFBC}") = "UnsplashApp.Android", "src\UnsplashApp\UnsplashApp.Android\UnsplashApp.Android.csproj", "{520D8168-FC60-4F89-9673-38374D3B41C0}"
EndProject
Project("{FAE04EC0-301F-11D3-BF4B-00C04F79EFBC}") = "UnsplashApp.iOS", "src\UnsplashApp\UnsplashApp.iOS\UnsplashApp.iOS.csproj", "{BC8C9089-3C52-4612-9FFC-C756CF8659BE}"
EndProject
Project("{9A19103F-16F7-4668-BE54-9A1E7A4F7556}") = "UnsplashApp", "src\UnsplashApp\UnsplashApp\UnsplashApp.csproj", "{A524EF3C-7B5D-4D6D-BF76-115ED3312B09}"
EndProject
Project("{2150E333-8FDC-42A3-9474-1A3956D46DE8}") = "Documentation", "Documentation", "{5AB528B3-9735-4330-8ADC-1F9CF69AA2AB}"
EndProject
Project("{2150E333-8FDC-42A3-9474-1A3956D46DE8}") = "images", "images", "{CF117A71-0BB8-494D-998D-AA58BA37372B}"
	ProjectSection(SolutionItems) = preProject
		Documentation\images\Screenshot-01.png = Documentation\images\Screenshot-01.png
		Documentation\images\Screenshot-02.png = Documentation\images\Screenshot-02.png
		Documentation\images\Screenshot-03.png = Documentation\images\Screenshot-03.png
		Documentation\images\Screenshot-04.png = Documentation\images\Screenshot-04.png
	EndProjectSection
EndProject
Project("{2150E333-8FDC-42A3-9474-1A3956D46DE8}") = "Solution Items", "Solution Items", "{ADCA8B1B-6F91-4633-8D97-E9AD4CA49D7E}"
	ProjectSection(SolutionItems) = preProject
		readme.md = readme.md
	EndProjectSection
EndProject
Global
	GlobalSection(SolutionConfigurationPlatforms) = preSolution
		Ad-Hoc|Any CPU = Ad-Hoc|Any CPU
		Ad-Hoc|iPhone = Ad-Hoc|iPhone
		Ad-Hoc|iPhoneSimulator = Ad-Hoc|iPhoneSimulator
		AppStore|Any CPU = AppStore|Any CPU
		AppStore|iPhone = AppStore|iPhone
		AppStore|iPhoneSimulator = AppStore|iPhoneSimulator
		Debug|Any CPU = Debug|Any CPU
		Debug|iPhone = Debug|iPhone
		Debug|iPhoneSimulator = Debug|iPhoneSimulator
		Release|Any CPU = Release|Any CPU
		Release|iPhone = Release|iPhone
		Release|iPhoneSimulator = Release|iPhoneSimulator
	EndGlobalSection
	GlobalSection(ProjectConfigurationPlatforms) = postSolution
		{520D8168-FC60-4F89-9673-38374D3B41C0}.Ad-Hoc|Any CPU.ActiveCfg = Release|Any CPU
		{520D8168-FC60-4F89-9673-38374D3B41C0}.Ad-Hoc|Any CPU.Build.0 = Release|Any CPU
		{520D8168-FC60-4F89-9673-38374D3B41C0}.Ad-Hoc|Any CPU.Deploy.0 = Release|Any CPU
		{520D8168-FC60-4F89-9673-38374D3B41C0}.Ad-Hoc|iPhone.ActiveCfg = Release|Any CPU
		{520D8168-FC60-4F89-9673-38374D3B41C0}.Ad-Hoc|iPhone.Build.0 = Release|Any CPU
		{520D8168-FC60-4F89-9673-38374D3B41C0}.Ad-Hoc|iPhone.Deploy.0 = Release|Any CPU
		{520D8168-FC60-4F89-9673-38374D3B41C0}.Ad-Hoc|iPhoneSimulator.ActiveCfg = Release|Any CPU
		{520D8168-FC60-4F89-9673-38374D3B41C0}.Ad-Hoc|iPhoneSimulator.Build.0 = Release|Any CPU
		{520D8168-FC60-4F89-9673-38374D3B41C0}.Ad-Hoc|iPhoneSimulator.Deploy.0 = Release|Any CPU
		{520D8168-FC60-4F89-9673-38374D3B41C0}.AppStore|Any CPU.ActiveCfg = Release|Any CPU
		{520D8168-FC60-4F89-9673-38374D3B41C0}.AppStore|Any CPU.Build.0 = Release|Any CPU
		{520D8168-FC60-4F89-9673-38374D3B41C0}.AppStore|Any CPU.Deploy.0 = Release|Any CPU
		{520D8168-FC60-4F89-9673-38374D3B41C0}.AppStore|iPhone.ActiveCfg = Release|Any CPU
		{520D8168-FC60-4F89-9673-38374D3B41C0}.AppStore|iPhone.Build.0 = Release|Any CPU
		{520D8168-FC60-4F89-9673-38374D3B41C0}.AppStore|iPhone.Deploy.0 = Release|Any CPU
		{520D8168-FC60-4F89-9673-38374D3B41C0}.AppStore|iPhoneSimulator.ActiveCfg = Release|Any CPU
		{520D8168-FC60-4F89-9673-38374D3B41C0}.AppStore|iPhoneSimulator.Build.0 = Release|Any CPU
		{520D8168-FC60-4F89-9673-38374D3B41C0}.AppStore|iPhoneSimulator.Deploy.0 = Release|Any CPU
		{520D8168-FC60-4F89-9673-38374D3B41C0}.Debug|Any CPU.ActiveCfg = Debug|Any CPU
		{520D8168-FC60-4F89-9673-38374D3B41C0}.Debug|Any CPU.Build.0 = Debug|Any CPU
		{520D8168-FC60-4F89-9673-38374D3B41C0}.Debug|Any CPU.Deploy.0 = Debug|Any CPU
		{520D8168-FC60-4F89-9673-38374D3B41C0}.Debug|iPhone.ActiveCfg = Debug|Any CPU
		{520D8168-FC60-4F89-9673-38374D3B41C0}.Debug|iPhone.Build.0 = Debug|Any CPU
		{520D8168-FC60-4F89-9673-38374D3B41C0}.Debug|iPhone.Deploy.0 = Debug|Any CPU
		{520D8168-FC60-4F89-9673-38374D3B41C0}.Debug|iPhoneSimulator.ActiveCfg = Debug|Any CPU
		{520D8168-FC60-4F89-9673-38374D3B41C0}.Debug|iPhoneSimulator.Build.0 = Debug|Any CPU
		{520D8168-FC60-4F89-9673-38374D3B41C0}.Debug|iPhoneSimulator.Deploy.0 = Debug|Any CPU
		{520D8168-FC60-4F89-9673-38374D3B41C0}.Release|Any CPU.ActiveCfg = Release|Any CPU
		{520D8168-FC60-4F89-9673-38374D3B41C0}.Release|Any CPU.Build.0 = Release|Any CPU
		{520D8168-FC60-4F89-9673-38374D3B41C0}.Release|Any CPU.Deploy.0 = Release|Any CPU
		{520D8168-FC60-4F89-9673-38374D3B41C0}.Release|iPhone.ActiveCfg = Release|Any CPU
		{520D8168-FC60-4F89-9673-38374D3B41C0}.Release|iPhone.Build.0 = Release|Any CPU
		{520D8168-FC60-4F89-9673-38374D3B41C0}.Release|iPhone.Deploy.0 = Release|Any CPU
		{520D8168-FC60-4F89-9673-38374D3B41C0}.Release|iPhoneSimulator.ActiveCfg = Release|Any CPU
		{520D8168-FC60-4F89-9673-38374D3B41C0}.Release|iPhoneSimulator.Build.0 = Release|Any CPU
		{520D8168-FC60-4F89-9673-38374D3B41C0}.Release|iPhoneSimulator.Deploy.0 = Release|Any CPU
		{BC8C9089-3C52-4612-9FFC-C756CF8659BE}.Ad-Hoc|Any CPU.ActiveCfg = Ad-Hoc|iPhone
		{BC8C9089-3C52-4612-9FFC-C756CF8659BE}.Ad-Hoc|iPhone.ActiveCfg = Ad-Hoc|iPhone
		{BC8C9089-3C52-4612-9FFC-C756CF8659BE}.Ad-Hoc|iPhone.Build.0 = Ad-Hoc|iPhone
		{BC8C9089-3C52-4612-9FFC-C756CF8659BE}.Ad-Hoc|iPhoneSimulator.ActiveCfg = Ad-Hoc|iPhoneSimulator
		{BC8C9089-3C52-4612-9FFC-C756CF8659BE}.Ad-Hoc|iPhoneSimulator.Build.0 = Ad-Hoc|iPhoneSimulator
		{BC8C9089-3C52-4612-9FFC-C756CF8659BE}.AppStore|Any CPU.ActiveCfg = AppStore|iPhone
		{BC8C9089-3C52-4612-9FFC-C756CF8659BE}.AppStore|iPhone.ActiveCfg = AppStore|iPhone
		{BC8C9089-3C52-4612-9FFC-C756CF8659BE}.AppStore|iPhone.Build.0 = AppStore|iPhone
		{BC8C9089-3C52-4612-9FFC-C756CF8659BE}.AppStore|iPhoneSimulator.ActiveCfg = AppStore|iPhoneSimulator
		{BC8C9089-3C52-4612-9FFC-C756CF8659BE}.AppStore|iPhoneSimulator.Build.0 = AppStore|iPhoneSimulator
		{BC8C9089-3C52-4612-9FFC-C756CF8659BE}.Debug|Any CPU.ActiveCfg = Debug|iPhone
		{BC8C9089-3C52-4612-9FFC-C756CF8659BE}.Debug|iPhone.ActiveCfg = Debug|iPhone
		{BC8C9089-3C52-4612-9FFC-C756CF8659BE}.Debug|iPhone.Build.0 = Debug|iPhone
		{BC8C9089-3C52-4612-9FFC-C756CF8659BE}.Debug|iPhoneSimulator.ActiveCfg = Debug|iPhoneSimulator
		{BC8C9089-3C52-4612-9FFC-C756CF8659BE}.Debug|iPhoneSimulator.Build.0 = Debug|iPhoneSimulator
		{BC8C9089-3C52-4612-9FFC-C756CF8659BE}.Release|Any CPU.ActiveCfg = Release|iPhone
		{BC8C9089-3C52-4612-9FFC-C756CF8659BE}.Release|iPhone.ActiveCfg = Release|iPhone
		{BC8C9089-3C52-4612-9FFC-C756CF8659BE}.Release|iPhone.Build.0 = Release|iPhone
		{BC8C9089-3C52-4612-9FFC-C756CF8659BE}.Release|iPhoneSimulator.ActiveCfg = Release|iPhoneSimulator
		{BC8C9089-3C52-4612-9FFC-C756CF8659BE}.Release|iPhoneSimulator.Build.0 = Release|iPhoneSimulator
		{A524EF3C-7B5D-4D6D-BF76-115ED3312B09}.Ad-Hoc|Any CPU.ActiveCfg = Debug|Any CPU
		{A524EF3C-7B5D-4D6D-BF76-115ED3312B09}.Ad-Hoc|Any CPU.Build.0 = Debug|Any CPU
		{A524EF3C-7B5D-4D6D-BF76-115ED3312B09}.Ad-Hoc|iPhone.ActiveCfg = Debug|Any CPU
		{A524EF3C-7B5D-4D6D-BF76-115ED3312B09}.Ad-Hoc|iPhone.Build.0 = Debug|Any CPU
		{A524EF3C-7B5D-4D6D-BF76-115ED3312B09}.Ad-Hoc|iPhoneSimulator.ActiveCfg = Debug|Any CPU
		{A524EF3C-7B5D-4D6D-BF76-115ED3312B09}.Ad-Hoc|iPhoneSimulator.Build.0 = Debug|Any CPU
		{A524EF3C-7B5D-4D6D-BF76-115ED3312B09}.AppStore|Any CPU.ActiveCfg = Debug|Any CPU
		{A524EF3C-7B5D-4D6D-BF76-115ED3312B09}.AppStore|Any CPU.Build.0 = Debug|Any CPU
		{A524EF3C-7B5D-4D6D-BF76-115ED3312B09}.AppStore|iPhone.ActiveCfg = Debug|Any CPU
		{A524EF3C-7B5D-4D6D-BF76-115ED3312B09}.AppStore|iPhone.Build.0 = Debug|Any CPU
		{A524EF3C-7B5D-4D6D-BF76-115ED3312B09}.AppStore|iPhoneSimulator.ActiveCfg = Debug|Any CPU
		{A524EF3C-7B5D-4D6D-BF76-115ED3312B09}.AppStore|iPhoneSimulator.Build.0 = Debug|Any CPU
		{A524EF3C-7B5D-4D6D-BF76-115ED3312B09}.Debug|Any CPU.ActiveCfg = Debug|Any CPU
		{A524EF3C-7B5D-4D6D-BF76-115ED3312B09}.Debug|Any CPU.Build.0 = Debug|Any CPU
		{A524EF3C-7B5D-4D6D-BF76-115ED3312B09}.Debug|iPhone.ActiveCfg = Debug|Any CPU
		{A524EF3C-7B5D-4D6D-BF76-115ED3312B09}.Debug|iPhone.Build.0 = Debug|Any CPU
		{A524EF3C-7B5D-4D6D-BF76-115ED3312B09}.Debug|iPhoneSimulator.ActiveCfg = Debug|Any CPU
		{A524EF3C-7B5D-4D6D-BF76-115ED3312B09}.Debug|iPhoneSimulator.Build.0 = Debug|Any CPU
		{A524EF3C-7B5D-4D6D-BF76-115ED3312B09}.Release|Any CPU.ActiveCfg = Release|Any CPU
		{A524EF3C-7B5D-4D6D-BF76-115ED3312B09}.Release|Any CPU.Build.0 = Release|Any CPU
		{A524EF3C-7B5D-4D6D-BF76-115ED3312B09}.Release|iPhone.ActiveCfg = Release|Any CPU
		{A524EF3C-7B5D-4D6D-BF76-115ED3312B09}.Release|iPhone.Build.0 = Release|Any CPU
		{A524EF3C-7B5D-4D6D-BF76-115ED3312B09}.Release|iPhoneSimulator.ActiveCfg = Release|Any CPU
		{A524EF3C-7B5D-4D6D-BF76-115ED3312B09}.Release|iPhoneSimulator.Build.0 = Release|Any CPU
	EndGlobalSection
	GlobalSection(SolutionProperties) = preSolution
		HideSolutionNode = FALSE
	EndGlobalSection
	GlobalSection(NestedProjects) = preSolution
		{CF117A71-0BB8-494D-998D-AA58BA37372B} = {5AB528B3-9735-4330-8ADC-1F9CF69AA2AB}
	EndGlobalSection
	GlobalSection(ExtensibilityGlobals) = postSolution
		SolutionGuid = {730FC444-5204-4E57-AF87-90A12F9D7DB5}
	EndGlobalSection
EndGlobal
